
Microsoft Visual Studio Solution File, Format Version 12.00
# Visual Studio Version 16
VisualStudioVersion = 16.0.30204.135
MinimumVisualStudioVersion = 10.0.40219.1
Project("{9A19103F-16F7-4668-BE54-9A1E7A4F7556}") = "TrustedBankAutomation", "TrustedBankAutomation\TrustedBankAutomation.csproj", "{846D3AC2-8BB6-45FF-BABA-6B97C897247E}"
	ProjectSection(ProjectDependencies) = postProject
		{77BDFD12-BC68-4180-8EFF-808A7545FCD4} = {77BDFD12-BC68-4180-8EFF-808A7545FCD4}
	EndProjectSection
EndProject
Project("{FAE04EC0-301F-11D3-BF4B-00C04F79EFBC}") = "TrustedBankDBFlush", "TrustedBankDBFlush\TrustedBankDBFlush.csproj", "{77BDFD12-BC68-4180-8EFF-808A7545FCD4}"
EndProject
Global
	GlobalSection(SolutionConfigurationPlatforms) = preSolution
		Debug|Any CPU = Debug|Any CPU
		Release|Any CPU = Release|Any CPU
	EndGlobalSection
	GlobalSection(ProjectConfigurationPlatforms) = postSolution
		{846D3AC2-8BB6-45FF-BABA-6B97C897247E}.Debug|Any CPU.ActiveCfg = Debug|Any CPU
		{846D3AC2-8BB6-45FF-BABA-6B97C897247E}.Debug|Any CPU.Build.0 = Debug|Any CPU
		{846D3AC2-8BB6-45FF-BABA-6B97C897247E}.Release|Any CPU.ActiveCfg = Release|Any CPU
		{846D3AC2-8BB6-45FF-BABA-6B97C897247E}.Release|Any CPU.Build.0 = Release|Any CPU
		{77BDFD12-BC68-4180-8EFF-808A7545FCD4}.Debug|Any CPU.ActiveCfg = Debug|Any CPU
		{77BDFD12-BC68-4180-8EFF-808A7545FCD4}.Debug|Any CPU.Build.0 = Debug|Any CPU
		{77BDFD12-BC68-4180-8EFF-808A7545FCD4}.Release|Any CPU.ActiveCfg = Release|Any CPU
		{77BDFD12-BC68-4180-8EFF-808A7545FCD4}.Release|Any CPU.Build.0 = Release|Any CPU
	EndGlobalSection
	GlobalSection(SolutionProperties) = preSolution
		HideSolutionNode = FALSE
	EndGlobalSection
	GlobalSection(ExtensibilityGlobals) = postSolution
		SolutionGuid = {6B5678C9-E5D6-49F8-A931-A6B92A1A22A9}
	EndGlobalSection
EndGlobal
